
Microsoft Visual Studio Solution File, Format Version 12.00
# Visual Studio Version 17
VisualStudioVersion = 17.0.31423.177
MinimumVisualStudioVersion = 10.0.40219.1
Project("{FAE04EC0-301F-11D3-BF4B-00C04F79EFBC}") = "WebApp-cicd", "WebApp-cicd.csproj", "{AA3D372F-13C1-4683-8328-2CEC5502F30E}"
EndProject
Global
	GlobalSection(SolutionConfigurationPlatforms) = preSolution
		Debug|Any CPU = Debug|Any CPU
		Release|Any CPU = Release|Any CPU
	EndGlobalSection
	GlobalSection(ProjectConfigurationPlatforms) = postSolution
		{AA3D372F-13C1-4683-8328-2CEC5502F30E}.Debug|Any CPU.ActiveCfg = Debug|Any CPU
		{AA3D372F-13C1-4683-8328-2CEC5502F30E}.Debug|Any CPU.Build.0 = Debug|Any CPU
		{AA3D372F-13C1-4683-8328-2CEC5502F30E}.Release|Any CPU.ActiveCfg = Release|Any CPU
		{AA3D372F-13C1-4683-8328-2CEC5502F30E}.Release|Any CPU.Build.0 = Release|Any CPU
	EndGlobalSection
	GlobalSection(SolutionProperties) = preSolution
		HideSolutionNode = FALSE
	EndGlobalSection
	GlobalSection(ExtensibilityGlobals) = postSolution
		SolutionGuid = {787821E4-B1AA-4235-BF10-68D3A6B48E44}
	EndGlobalSection
EndGlobal
